<?xml version="1.0" encoding="utf-8"?>
<Project ToolsVersion="4.0" xmlns="http://schemas.microsoft.com/developer/msbuild/2003">
  <ItemGroup>
    <Filter Include="Source Files">
      <UniqueIdentifier>{4FC737F1-C7A5-4376-A066-2A32D752A2FF}</UniqueIdentifier>
      <Extensions>cpp;c;cc;cxx;def;odl;idl;hpj;bat;asm;asmx</Extensions>
    </Filter>
    <Filter Include="Header Files">
      <UniqueIdentifier>{93995380-89BD-4b04-88EB-625FBE52EBFB}</UniqueIdentifier>
      <Extensions>h;hh;hpp;hxx;hm;inl;inc;ipp;xsd</Extensions>
    </Filter>
    <Filter Include="Resource Files">
      <UniqueIdentifier>{67DA6AB6-F800-4c08-8B7A-83BB121AAD01}</UniqueIdentifier>
      <Extensions>rc;ico;cur;bmp;dlg;rc2;rct;bin;rgs;gif;jpg;jpeg;jpe;resx;tiff;tif;png;wav;mfcribbon-ms</Extensions>
    </Filter>
    <Filter Include="Entities">
      <UniqueIdentifier>{8d9ea834-53d2-4c32-97be-63a9ef8c4af8}</UniqueIdentifier>
    </Filter>
    <Filter Include="Entity Factories">
      <UniqueIdentifier>{c580cd04-e703-4b87-ad0e-e7d78ea88afd}</UniqueIdentifier>
    </Filter>
    <Filter Include="Systems">
      <UniqueIdentifier>{25d77080-5454-4dc6-b649-a716a8e3531c}</UniqueIdentifier>
    </Filter>
    <Filter Include="Old Code">
      <UniqueIdentifier>{22d55588-20cb-4442-9afb-c04e13b8939e}</UniqueIdentifier>
    </Filter>
    <Filter Include="Old Code\Physics">
      <UniqueIdentifier>{eddd6252-e499-4b99-b963-81207a94ace1}</UniqueIdentifier>
    </Filter>
    <Filter Include="Old Code\Commands">
      <UniqueIdentifier>{a013f867-231c-47be-b64e-ee2cd5de3b17}</UniqueIdentifier>
    </Filter>
    <Filter Include="ECS">
      <UniqueIdentifier>{17882c54-29d2-4a20-898d-a526e7a98e67}</UniqueIdentifier>
    </Filter>
  </ItemGroup>
  <ItemGroup>
    <ClCompile Include="Source\Game.cpp">
      <Filter>Source Files</Filter>
    </ClCompile>
    <ClCompile Include="Source\Main.cpp">
      <Filter>Source Files</Filter>
    </ClCompile>
    <ClCompile Include="Source\SceneNode.cpp">
      <Filter>Source Files</Filter>
    </ClCompile>
    <ClCompile Include="Source\stdafx.cpp">
      <Filter>Source Files</Filter>
    </ClCompile>
    <ClCompile Include="Source\World.cpp">
      <Filter>Source Files</Filter>
    </ClCompile>
    <ClCompile Include="Source\Systems\PhysicsSystem.cpp">
      <Filter>Systems</Filter>
    </ClCompile>
    <ClCompile Include="Source\Systems\SystemManager.cpp">
      <Filter>Systems</Filter>
    </ClCompile>
    <ClCompile Include="Source\Systems\RenderSystem.cpp">
      <Filter>Systems</Filter>
    </ClCompile>
    <ClCompile Include="Source\Old Code\Components\Component.cpp">
      <Filter>Old Code</Filter>
    </ClCompile>
    <ClCompile Include="Source\Old Code\Components\Controller.cpp">
      <Filter>Old Code</Filter>
    </ClCompile>
    <ClCompile Include="Source\Old Code\Components\Health.cpp">
      <Filter>Old Code</Filter>
    </ClCompile>
    <ClCompile Include="Source\Old Code\Components\Sprite2D.cpp">
      <Filter>Old Code</Filter>
    </ClCompile>
    <ClCompile Include="Source\Old Code\Components\State.cpp">
      <Filter>Old Code</Filter>
    </ClCompile>
    <ClCompile Include="Source\Old Code\Components\Test.cpp">
      <Filter>Old Code</Filter>
    </ClCompile>
    <ClCompile Include="Source\Old Code\Components\Physics\Collider.cpp">
      <Filter>Old Code\Physics</Filter>
    </ClCompile>
    <ClCompile Include="Source\Old Code\Components\Physics\Physics.cpp">
      <Filter>Old Code\Physics</Filter>
    </ClCompile>
    <ClCompile Include="Source\Systems\ControllerSystem.cpp">
      <Filter>Systems</Filter>
    </ClCompile>
    <ClCompile Include="Source\Old Code\EntityFactory.cpp">
      <Filter>Old Code</Filter>
    </ClCompile>
    <ClCompile Include="Source\Systems\CollisionSystem.cpp">
      <Filter>Systems</Filter>
    </ClCompile>
    <ClCompile Include="Source\Systems\TerrainSystem.cpp">
      <Filter>Systems</Filter>
    </ClCompile>
    <ClCompile Include="Source\Systems\CombatSystem.cpp">
      <Filter>Systems</Filter>
    </ClCompile>
    <ClCompile Include="Source\Systems\AnimationSystem.cpp">
      <Filter>Systems</Filter>
    </ClCompile>
    <ClCompile Include="Source\Animation.cpp">
      <Filter>Source Files</Filter>
    </ClCompile>
    <ClCompile Include="Source\AnimatedSprite.cpp">
      <Filter>Source Files</Filter>
    </ClCompile>
    <ClCompile Include="Source\Systems\System.cpp">
      <Filter>ECS</Filter>
    </ClCompile>
    <ClCompile Include="Source\EventManager.cpp">
      <Filter>ECS</Filter>
    </ClCompile>
    <ClCompile Include="Source\EntityManager.cpp">
      <Filter>ECS</Filter>
    </ClCompile>
    <ClCompile Include="Source\Entity Factories\EntityFactory.cpp">
      <Filter>Source Files</Filter>
    </ClCompile>
    <ClCompile Include="Source\Systems\EntityInteractionSystem.cpp">
      <Filter>Systems</Filter>
    </ClCompile>
    <ClCompile Include="Source\Entity.cpp">
      <Filter>ECS</Filter>
    </ClCompile>
  </ItemGroup>
  <ItemGroup>
    <ClInclude Include="Source\Game.h">
      <Filter>Header Files</Filter>
    </ClInclude>
    <ClInclude Include="Source\SceneNode.h">
      <Filter>Header Files</Filter>
    </ClInclude>
    <ClInclude Include="Source\stdafx.h">
      <Filter>Header Files</Filter>
    </ClInclude>
    <ClInclude Include="Source\targetver.h">
      <Filter>Header Files</Filter>
    </ClInclude>
    <ClInclude Include="Source\TextureHolder.h">
      <Filter>Header Files</Filter>
    </ClInclude>
    <ClInclude Include="Source\World.h">
      <Filter>Header Files</Filter>
    </ClInclude>
    <ClInclude Include="Source\Systems\PhysicsSystem.h">
      <Filter>Systems</Filter>
    </ClInclude>
    <ClInclude Include="Source\Systems\RenderSystem.h">
      <Filter>Systems</Filter>
    </ClInclude>
    <ClInclude Include="Source\Systems\SystemManager.h">
      <Filter>Systems</Filter>
    </ClInclude>
    <ClInclude Include="Source\Component.h">
      <Filter>Header Files</Filter>
    </ClInclude>
    <ClInclude Include="Source\Old Code\Components\Controller.h">
      <Filter>Old Code</Filter>
    </ClInclude>
    <ClInclude Include="Source\Old Code\Components\Health.h">
      <Filter>Old Code</Filter>
    </ClInclude>
    <ClInclude Include="Source\Old Code\Components\Sprite2D.h">
      <Filter>Old Code</Filter>
    </ClInclude>
    <ClInclude Include="Source\Old Code\Components\State.h">
      <Filter>Old Code</Filter>
    </ClInclude>
    <ClInclude Include="Source\Old Code\Components\Test.h">
      <Filter>Old Code</Filter>
    </ClInclude>
    <ClInclude Include="Source\Old Code\Components\Physics\Collider.h">
      <Filter>Old Code\Physics</Filter>
    </ClInclude>
    <ClInclude Include="Source\Old Code\Components\Physics\Physics.h">
      <Filter>Old Code\Physics</Filter>
    </ClInclude>
    <ClInclude Include="Source\Old Code\Components\Commands\Command.h">
      <Filter>Old Code\Commands</Filter>
    </ClInclude>
    <ClInclude Include="Source\Old Code\Components\Commands\Move.h">
      <Filter>Old Code\Commands</Filter>
    </ClInclude>
    <ClInclude Include="Source\Systems\ControllerSystem.h">
      <Filter>Systems</Filter>
    </ClInclude>
    <ClInclude Include="Source\Old Code\EntityFactory.h">
      <Filter>Old Code</Filter>
    </ClInclude>
    <ClInclude Include="Source\Constants.h">
      <Filter>Header Files</Filter>
    </ClInclude>
    <ClInclude Include="Source\Systems\CollisionSystem.h">
      <Filter>Systems</Filter>
    </ClInclude>
    <ClInclude Include="Source\Systems\TerrainSystem.h">
      <Filter>Systems</Filter>
    </ClInclude>
    <ClInclude Include="Source\Chunk.h">
      <Filter>Header Files</Filter>
    </ClInclude>
    <ClInclude Include="Source\Systems\CombatSystem.h">
      <Filter>Systems</Filter>
    </ClInclude>
    <ClInclude Include="Source\Systems\AnimationSystem.h">
      <Filter>Systems</Filter>
    </ClInclude>
    <ClInclude Include="Source\AnimatedSprite.hpp">
      <Filter>Header Files</Filter>
    </ClInclude>
    <ClInclude Include="Source\Animation.hpp">
      <Filter>Header Files</Filter>
    </ClInclude>
    <ClInclude Include="Source\Entity.h">
      <Filter>ECS</Filter>
    </ClInclude>
    <ClInclude Include="Source\EntityManager.h">
      <Filter>ECS</Filter>
    </ClInclude>
    <ClInclude Include="Source\EventManager.h">
      <Filter>ECS</Filter>
    </ClInclude>
    <ClInclude Include="Source\Systems\System.h">
      <Filter>ECS</Filter>
    </ClInclude>
    <ClInclude Include="Source\Events.h">
      <Filter>Header Files</Filter>
    </ClInclude>
    <ClInclude Include="Source\Entity Factories\EntityFactory.h">
      <Filter>Header Files</Filter>
    </ClInclude>
    <ClInclude Include="Source\Systems\EntityInteractionSystem.h">
      <Filter>Systems</Filter>
    </ClInclude>
    <ClInclude Include="Source\SystemBehaviourSettings.h">
      <Filter>Header Files</Filter>
    </ClInclude>
  </ItemGroup>
  <ItemGroup>
    <None Include="Source\TextureHolder.inl">
      <Filter>Header Files</Filter>
    </None>
  </ItemGroup>
</Project>